
Microsoft Visual Studio Solution File, Format Version 12.00
# Visual Studio Version 17
VisualStudioVersion = 17.8.34309.116
MinimumVisualStudioVersion = 10.0.40219.1
Project("{FAE04EC0-301F-11D3-BF4B-00C04F79EFBC}") = "Module18", "Module18\Module18.csproj", "{2F1C220B-15D8-45D7-97C3-9CAD9260CD64}"
EndProject
Global
	GlobalSection(SolutionConfigurationPlatforms) = preSolution
		Debug|Any CPU = Debug|Any CPU
		Release|Any CPU = Release|Any CPU
	EndGlobalSection
	GlobalSection(ProjectConfigurationPlatforms) = postSolution
		{2F1C220B-15D8-45D7-97C3-9CAD9260CD64}.Debug|Any CPU.ActiveCfg = Debug|Any CPU
		{2F1C220B-15D8-45D7-97C3-9CAD9260CD64}.Debug|Any CPU.Build.0 = Debug|Any CPU
		{2F1C220B-15D8-45D7-97C3-9CAD9260CD64}.Release|Any CPU.ActiveCfg = Release|Any CPU
		{2F1C220B-15D8-45D7-97C3-9CAD9260CD64}.Release|Any CPU.Build.0 = Release|Any CPU
	EndGlobalSection
	GlobalSection(SolutionProperties) = preSolution
		HideSolutionNode = FALSE
	EndGlobalSection
	GlobalSection(ExtensibilityGlobals) = postSolution
		SolutionGuid = {247C26C8-C0B0-40E3-B6E4-5226F047E891}
	EndGlobalSection
EndGlobal
